
Microsoft Visual Studio Solution File, Format Version 12.00
# Visual Studio Version 16
VisualStudioVersion = 16.0.31911.196
MinimumVisualStudioVersion = 10.0.40219.1
Project("{FAE04EC0-301F-11D3-BF4B-00C04F79EFBC}") = "NixonE", "NixonE\NixonE.csproj", "{32A1FFF8-8F42-4162-AD74-C774F3180450}"
EndProject
Global
	GlobalSection(SolutionConfigurationPlatforms) = preSolution
		Debug|Any CPU = Debug|Any CPU
		Release|Any CPU = Release|Any CPU
	EndGlobalSection
	GlobalSection(ProjectConfigurationPlatforms) = postSolution
		{32A1FFF8-8F42-4162-AD74-C774F3180450}.Debug|Any CPU.ActiveCfg = Debug|Any CPU
		{32A1FFF8-8F42-4162-AD74-C774F3180450}.Debug|Any CPU.Build.0 = Debug|Any CPU
		{32A1FFF8-8F42-4162-AD74-C774F3180450}.Release|Any CPU.ActiveCfg = Release|Any CPU
		{32A1FFF8-8F42-4162-AD74-C774F3180450}.Release|Any CPU.Build.0 = Release|Any CPU
	EndGlobalSection
	GlobalSection(SolutionProperties) = preSolution
		HideSolutionNode = FALSE
	EndGlobalSection
	GlobalSection(ExtensibilityGlobals) = postSolution
		SolutionGuid = {FAAC15C1-453D-4C1B-96E0-B617A8654E8B}
	EndGlobalSection
EndGlobal
